
Microsoft Visual Studio Solution File, Format Version 12.00
# Visual Studio 15
VisualStudioVersion = 15.0.28307.168
MinimumVisualStudioVersion = 10.0.40219.1
Project("{9A19103F-16F7-4668-BE54-9A1E7A4F7556}") = "bestdealpharma.com", "bestdealpharma.com.csproj", "{514C6F29-8691-46BE-AE85-FEBE08FF3600}"
EndProject
Global
	GlobalSection(SolutionConfigurationPlatforms) = preSolution
		Debug|Any CPU = Debug|Any CPU
		Release|Any CPU = Release|Any CPU
	EndGlobalSection
	GlobalSection(ProjectConfigurationPlatforms) = postSolution
		{514C6F29-8691-46BE-AE85-FEBE08FF3600}.Debug|Any CPU.ActiveCfg = Debug|Any CPU
		{514C6F29-8691-46BE-AE85-FEBE08FF3600}.Debug|Any CPU.Build.0 = Debug|Any CPU
		{514C6F29-8691-46BE-AE85-FEBE08FF3600}.Release|Any CPU.ActiveCfg = Release|Any CPU
		{514C6F29-8691-46BE-AE85-FEBE08FF3600}.Release|Any CPU.Build.0 = Release|Any CPU
	EndGlobalSection
	GlobalSection(SolutionProperties) = preSolution
		HideSolutionNode = FALSE
	EndGlobalSection
	GlobalSection(ExtensibilityGlobals) = postSolution
		SolutionGuid = {850FE3A5-E5E4-43CF-830D-2619C75C7277}
	EndGlobalSection
EndGlobal
